
Microsoft Visual Studio Solution File, Format Version 12.00
# Visual Studio Version 16
VisualStudioVersion = 16.0.30907.101
MinimumVisualStudioVersion = 10.0.40219.1
Project("{888888A0-9F3D-457C-B088-3A5042F75D52}") = "Retirement", "Retirement\Retirement.pyproj", "{4296203D-F836-4921-8DD2-1E5A5641CBCF}"
EndProject
Global
	GlobalSection(SolutionConfigurationPlatforms) = preSolution
		Debug|Any CPU = Debug|Any CPU
		Release|Any CPU = Release|Any CPU
	EndGlobalSection
	GlobalSection(ProjectConfigurationPlatforms) = postSolution
		{4296203D-F836-4921-8DD2-1E5A5641CBCF}.Debug|Any CPU.ActiveCfg = Debug|Any CPU
		{4296203D-F836-4921-8DD2-1E5A5641CBCF}.Release|Any CPU.ActiveCfg = Release|Any CPU
	EndGlobalSection
	GlobalSection(SolutionProperties) = preSolution
		HideSolutionNode = FALSE
	EndGlobalSection
	GlobalSection(ExtensibilityGlobals) = postSolution
		SolutionGuid = {3EC27C68-B086-4C96-8CB6-0CD8EA023318}
	EndGlobalSection
EndGlobal
