
Microsoft Visual Studio Solution File, Format Version 12.00
# Visual Studio Version 16
VisualStudioVersion = 16.0.30907.101
MinimumVisualStudioVersion = 10.0.40219.1
Project("{888888A0-9F3D-457C-B088-3A5042F75D52}") = "Test Scores", "Test Scores\Test Scores.pyproj", "{AE7DA91A-E204-4514-9EB0-90A3259A3A52}"
EndProject
Global
	GlobalSection(SolutionConfigurationPlatforms) = preSolution
		Debug|Any CPU = Debug|Any CPU
		Release|Any CPU = Release|Any CPU
	EndGlobalSection
	GlobalSection(ProjectConfigurationPlatforms) = postSolution
		{AE7DA91A-E204-4514-9EB0-90A3259A3A52}.Debug|Any CPU.ActiveCfg = Debug|Any CPU
		{AE7DA91A-E204-4514-9EB0-90A3259A3A52}.Release|Any CPU.ActiveCfg = Release|Any CPU
	EndGlobalSection
	GlobalSection(SolutionProperties) = preSolution
		HideSolutionNode = FALSE
	EndGlobalSection
	GlobalSection(ExtensibilityGlobals) = postSolution
		SolutionGuid = {243C8F6B-41CE-421C-9D6C-5C3ECFF5040A}
	EndGlobalSection
EndGlobal
